<?xml version="1.0" encoding="utf-8"?>
<Project ToolsVersion="4.0" xmlns="http://schemas.microsoft.com/developer/msbuild/2003">
  <ItemGroup>
    <Filter Include="Source Files">
      <UniqueIdentifier>{4FC737F1-C7A5-4376-A066-2A32D752A2FF}</UniqueIdentifier>
      <Extensions>cpp;c;cc;cxx;def;odl;idl;hpj;bat;asm;asmx</Extensions>
    </Filter>
    <Filter Include="Header Files">
      <UniqueIdentifier>{93995380-89BD-4b04-88EB-625FBE52EBFB}</UniqueIdentifier>
      <Extensions>h;hh;hpp;hxx;hm;inl;inc;xsd</Extensions>
    </Filter>
    <Filter Include="Resource Files">
      <UniqueIdentifier>{67DA6AB6-F800-4c08-8B7A-83BB121AAD01}</UniqueIdentifier>
      <Extensions>rc;ico;cur;bmp;dlg;rc2;rct;bin;rgs;gif;jpg;jpeg;jpe;resx;tiff;tif;png;wav;mfcribbon-ms</Extensions>
    </Filter>
  </ItemGroup>
  <ItemGroup>
    <ClInclude Include="include\eqnet.h">
      <Filter>Header Files</Filter>
    </ClInclude>
    <ClInclude Include="dev\main.h">
      <Filter>Header Files</Filter>
    </ClInclude>
    <ClInclude Include="dev\stdafx.h">
      <Filter>Header Files</Filter>
    </ClInclude>
    <ClInclude Include="dev\socket.h">
      <Filter>Header Files</Filter>
    </ClInclude>
    <ClInclude Include="dev\error.h">
      <Filter>Header Files</Filter>
    </ClInclude>
    <ClInclude Include="dev\event.h">
      <Filter>Header Files</Filter>
    </ClInclude>
    <ClInclude Include="dev\address.h">
      <Filter>Header Files</Filter>
    </ClInclude>
    <ClInclude Include="dev\ackmgr.h">
      <Filter>Header Files</Filter>
    </ClInclude>
    <ClInclude Include="dev\receiver.h">
      <Filter>Header Files</Filter>
    </ClInclude>
    <ClInclude Include="dev\connection.h">
      <Filter>Header Files</Filter>
    </ClInclude>
    <ClInclude Include="dev\packet.h">
      <Filter>Header Files</Filter>
    </ClInclude>
    <ClInclude Include="dev\crc.h">
      <Filter>Header Files</Filter>
    </ClInclude>
    <ClInclude Include="dev\network_protocol.h">
      <Filter>Header Files</Filter>
    </ClInclude>
    <ClInclude Include="dev\compression.h">
      <Filter>Header Files</Filter>
    </ClInclude>
    <ClInclude Include="dev\opcode_login.h">
      <Filter>Header Files</Filter>
    </ClInclude>
    <ClInclude Include="dev\structs_login.h">
      <Filter>Header Files</Filter>
    </ClInclude>
    <ClInclude Include="dev\login.h">
      <Filter>Header Files</Filter>
    </ClInclude>
    <ClInclude Include="dev\structs_titanium.h">
      <Filter>Header Files</Filter>
    </ClInclude>
    <ClInclude Include="dev\opcode_titanium.h">
      <Filter>Header Files</Filter>
    </ClInclude>
    <ClInclude Include="dev\util.h">
      <Filter>Header Files</Filter>
    </ClInclude>
    <ClInclude Include="dev\opcode_eqnet.h">
      <Filter>Header Files</Filter>
    </ClInclude>
    <ClInclude Include="dev\opcode_underfoot.h">
      <Filter>Header Files</Filter>
    </ClInclude>
    <ClInclude Include="dev\structs_underfoot.h">
      <Filter>Header Files</Filter>
    </ClInclude>
    <ClInclude Include="dev\world.h">
      <Filter>Header Files</Filter>
    </ClInclude>
    <ClInclude Include="dev\opcode_sod.h">
      <Filter>Header Files</Filter>
    </ClInclude>
    <ClInclude Include="dev\opcode_sof.h">
      <Filter>Header Files</Filter>
    </ClInclude>
    <ClInclude Include="dev\opcode_rof.h">
      <Filter>Header Files</Filter>
    </ClInclude>
    <ClInclude Include="dev\opcode_rof2.h">
      <Filter>Header Files</Filter>
    </ClInclude>
    <ClInclude Include="include\eqnet_packets.h">
      <Filter>Header Files</Filter>
    </ClInclude>
    <ClInclude Include="dev\zone.h">
      <Filter>Header Files</Filter>
    </ClInclude>
    <ClInclude Include="include\eqnet_enums.h">
      <Filter>Header Files</Filter>
    </ClInclude>
    <ClInclude Include="dev\random.h">
      <Filter>Header Files</Filter>
    </ClInclude>
  </ItemGroup>
  <ItemGroup>
    <ClCompile Include="src\init.cpp">
      <Filter>Source Files</Filter>
    </ClCompile>
    <ClCompile Include="src\stdafx.cpp">
      <Filter>Source Files</Filter>
    </ClCompile>
    <ClCompile Include="src\socket.cpp">
      <Filter>Source Files</Filter>
    </ClCompile>
    <ClCompile Include="src\error.cpp">
      <Filter>Source Files</Filter>
    </ClCompile>
    <ClCompile Include="src\event.cpp">
      <Filter>Source Files</Filter>
    </ClCompile>
    <ClCompile Include="src\login.cpp">
      <Filter>Source Files</Filter>
    </ClCompile>
    <ClCompile Include="src\crc.cpp">
      <Filter>Source Files</Filter>
    </ClCompile>
    <ClCompile Include="src\packet.cpp">
      <Filter>Source Files</Filter>
    </ClCompile>
    <ClCompile Include="src\ackmgr.cpp">
      <Filter>Source Files</Filter>
    </ClCompile>
    <ClCompile Include="src\compression.cpp">
      <Filter>Source Files</Filter>
    </ClCompile>
    <ClCompile Include="src\receiver.cpp">
      <Filter>Source Files</Filter>
    </ClCompile>
    <ClCompile Include="src\connection.cpp">
      <Filter>Source Files</Filter>
    </ClCompile>
    <ClCompile Include="src\world.cpp">
      <Filter>Source Files</Filter>
    </ClCompile>
    <ClCompile Include="src\util.cpp">
      <Filter>Source Files</Filter>
    </ClCompile>
    <ClCompile Include="src\opcode_eqnet.cpp">
      <Filter>Source Files</Filter>
    </ClCompile>
    <ClCompile Include="src\address.cpp">
      <Filter>Source Files</Filter>
    </ClCompile>
    <ClCompile Include="src\raw_io.cpp">
      <Filter>Source Files</Filter>
    </ClCompile>
    <ClCompile Include="src\zone.cpp">
      <Filter>Source Files</Filter>
    </ClCompile>
    <ClCompile Include="src\combat.cpp">
      <Filter>Source Files</Filter>
    </ClCompile>
  </ItemGroup>
</Project>